
Microsoft Visual Studio Solution File, Format Version 12.00
# Visual Studio Version 17
VisualStudioVersion = 17.14.36310.24 d17.14
MinimumVisualStudioVersion = 10.0.40219.1
Project("{FAE04EC0-301F-11D3-BF4B-00C04F79EFBC}") = "TeamProject", "TeamProject\TeamProject.csproj", "{DE17DD7A-6411-4FD6-BECA-E90988A4D764}"
EndProject
Global
	GlobalSection(SolutionConfigurationPlatforms) = preSolution
		Debug|Any CPU = Debug|Any CPU
		Release|Any CPU = Release|Any CPU
	EndGlobalSection
	GlobalSection(ProjectConfigurationPlatforms) = postSolution
		{DE17DD7A-6411-4FD6-BECA-E90988A4D764}.Debug|Any CPU.ActiveCfg = Debug|Any CPU
		{DE17DD7A-6411-4FD6-BECA-E90988A4D764}.Debug|Any CPU.Build.0 = Debug|Any CPU
		{DE17DD7A-6411-4FD6-BECA-E90988A4D764}.Release|Any CPU.ActiveCfg = Release|Any CPU
		{DE17DD7A-6411-4FD6-BECA-E90988A4D764}.Release|Any CPU.Build.0 = Release|Any CPU
	EndGlobalSection
	GlobalSection(SolutionProperties) = preSolution
		HideSolutionNode = FALSE
	EndGlobalSection
	GlobalSection(ExtensibilityGlobals) = postSolution
		SolutionGuid = {058703A0-135E-471A-B7CA-EEC6F367CC07}
	EndGlobalSection
EndGlobal
